// !$*UTF8*$!
{
	archiveVersion = 1;
	classes = {
	};
	objectVersion = 46;
	objects = {

/* Begin PBXBuildFile section */
		BF69379B1C1C410D0081C2A6 /* DiscoverTableViewController.m in Sources */ = {isa = PBXBuildFile; fileRef = BF69379A1C1C410D0081C2A6 /* DiscoverTableViewController.m */; };
		BF6EE32E1C265BA800561CDA /* ChooseTopicButton.m in Sources */ = {isa = PBXBuildFile; fileRef = BF6EE32D1C265BA800561CDA /* ChooseTopicButton.m */; };
		BF73A1A21C186E57006D8EB2 /* Main.storyboard in Resources */ = {isa = PBXBuildFile; fileRef = BF73A1A01C186E57006D8EB2 /* Main.storyboard */; };
		BF8A02F31C24E04F00142C46 /* MessageCenterViewController.m in Sources */ = {isa = PBXBuildFile; fileRef = BF8A02F21C24E04F00142C46 /* MessageCenterViewController.m */; };
		BF9BB3E41C293EC200991772 /* MainCollectionView.m in Sources */ = {isa = PBXBuildFile; fileRef = BF9BB3E31C293EC200991772 /* MainCollectionView.m */; };
		BF9BB3E71C29467900991772 /* QRCodeViewController.m in Sources */ = {isa = PBXBuildFile; fileRef = BF9BB3E61C29467900991772 /* QRCodeViewController.m */; };
		BF9BB3EF1C29472D00991772 /* QRItem.m in Sources */ = {isa = PBXBuildFile; fileRef = BF9BB3EA1C29472D00991772 /* QRItem.m */; };
		BF9BB3F01C29472D00991772 /* QRMenu.m in Sources */ = {isa = PBXBuildFile; fileRef = BF9BB3EC1C29472D00991772 /* QRMenu.m */; };
		BF9BB3F11C29472D00991772 /* QRView.m in Sources */ = {isa = PBXBuildFile; fileRef = BF9BB3EE1C29472D00991772 /* QRView.m */; };
		BF9BB3F41C29476700991772 /* WebViewController.m in Sources */ = {isa = PBXBuildFile; fileRef = BF9BB3F31C29476700991772 /* WebViewController.m */; };
		BF9BB3FD1C2947A200991772 /* MBProgressHUD+MJ.m in Sources */ = {isa = PBXBuildFile; fileRef = BF9BB3F81C2947A200991772 /* MBProgressHUD+MJ.m */; };
		BF9BB3FE1C2947A200991772 /* MBProgressHUD.bundle in Resources */ = {isa = PBXBuildFile; fileRef = BF9BB3F91C2947A200991772 /* MBProgressHUD.bundle */; };
		BF9BB3FF1C2947A200991772 /* MBProgressHUD.m in Sources */ = {isa = PBXBuildFile; fileRef = BF9BB3FB1C2947A200991772 /* MBProgressHUD.m */; };
		BF9BB4001C2947A200991772 /* qr_scan_line@2x.png in Resources */ = {isa = PBXBuildFile; fileRef = BF9BB3FC1C2947A200991772 /* qr_scan_line@2x.png */; };
		BFAD8BFD1C23874C00E12E45 /* BaseModel.m in Sources */ = {isa = PBXBuildFile; fileRef = BFAD8BFA1C23874C00E12E45 /* BaseModel.m */; };
		BFAD8BFE1C23874C00E12E45 /* TabBarButton.m in Sources */ = {isa = PBXBuildFile; fileRef = BFAD8BFC1C23874C00E12E45 /* TabBarButton.m */; };
		BFBED96D1C16C750005BE304 /* main.m in Sources */ = {isa = PBXBuildFile; fileRef = BFBED96C1C16C750005BE304 /* main.m */; };
		BFBED9701C16C750005BE304 /* AppDelegate.m in Sources */ = {isa = PBXBuildFile; fileRef = BFBED96F1C16C750005BE304 /* AppDelegate.m */; };
		BFBED9781C16C750005BE304 /* Assets.xcassets in Resources */ = {isa = PBXBuildFile; fileRef = BFBED9771C16C750005BE304 /* Assets.xcassets */; };
		BFBED97B1C16C750005BE304 /* LaunchScreen.storyboard in Resources */ = {isa = PBXBuildFile; fileRef = BFBED9791C16C750005BE304 /* LaunchScreen.storyboard */; };
		BFBED9861C16C750005BE304 /* YouLinTests.m in Sources */ = {isa = PBXBuildFile; fileRef = BFBED9851C16C750005BE304 /* YouLinTests.m */; };
		BFBED9911C16C750005BE304 /* YouLinUITests.m in Sources */ = {isa = PBXBuildFile; fileRef = BFBED9901C16C750005BE304 /* YouLinUITests.m */; };
		BFBED9C71C16C774005BE304 /* CodeResources in Resources */ = {isa = PBXBuildFile; fileRef = BFBED9A01C16C774005BE304 /* CodeResources */; };
		BFBED9C81C16C774005BE304 /* AppIcon29x29.png in Resources */ = {isa = PBXBuildFile; fileRef = BFBED9A11C16C774005BE304 /* AppIcon29x29.png */; };
		BFBED9C91C16C774005BE304 /* AppIcon29x29@2x.png in Resources */ = {isa = PBXBuildFile; fileRef = BFBED9A21C16C774005BE304 /* AppIcon29x29@2x.png */; };
		BFBED9CA1C16C774005BE304 /* AppIcon29x29@2x~ipad.png in Resources */ = {isa = PBXBuildFile; fileRef = BFBED9A31C16C774005BE304 /* AppIcon29x29@2x~ipad.png */; };
		BFBED9CB1C16C774005BE304 /* AppIcon29x29@3x.png in Resources */ = {isa = PBXBuildFile; fileRef = BFBED9A41C16C774005BE304 /* AppIcon29x29@3x.png */; };
		BFBED9CC1C16C774005BE304 /* AppIcon29x29~ipad.png in Resources */ = {isa = PBXBuildFile; fileRef = BFBED9A51C16C774005BE304 /* AppIcon29x29~ipad.png */; };
		BFBED9CD1C16C774005BE304 /* AppIcon40x40@2x.png in Resources */ = {isa = PBXBuildFile; fileRef = BFBED9A61C16C774005BE304 /* AppIcon40x40@2x.png */; };
		BFBED9CE1C16C774005BE304 /* AppIcon40x40@2x~ipad.png in Resources */ = {isa = PBXBuildFile; fileRef = BFBED9A71C16C774005BE304 /* AppIcon40x40@2x~ipad.png */; };
		BFBED9CF1C16C774005BE304 /* AppIcon40x40@3x.png in Resources */ = {isa = PBXBuildFile; fileRef = BFBED9A81C16C774005BE304 /* AppIcon40x40@3x.png */; };
		BFBED9D01C16C774005BE304 /* AppIcon40x40~ipad.png in Resources */ = {isa = PBXBuildFile; fileRef = BFBED9A91C16C774005BE304 /* AppIcon40x40~ipad.png */; };
		BFBED9D11C16C774005BE304 /* AppIcon50x50@2x~ipad.png in Resources */ = {isa = PBXBuildFile; fileRef = BFBED9AA1C16C774005BE304 /* AppIcon50x50@2x~ipad.png */; };
		BFBED9D21C16C774005BE304 /* AppIcon50x50~ipad.png in Resources */ = {isa = PBXBuildFile; fileRef = BFBED9AB1C16C774005BE304 /* AppIcon50x50~ipad.png */; };
		BFBED9D31C16C774005BE304 /* AppIcon57x57.png in Resources */ = {isa = PBXBuildFile; fileRef = BFBED9AC1C16C774005BE304 /* AppIcon57x57.png */; };
		BFBED9D41C16C774005BE304 /* AppIcon57x57@2x.png in Resources */ = {isa = PBXBuildFile; fileRef = BFBED9AD1C16C774005BE304 /* AppIcon57x57@2x.png */; };
		BFBED9D51C16C774005BE304 /* AppIcon60x60@2x.png in Resources */ = {isa = PBXBuildFile; fileRef = BFBED9AE1C16C774005BE304 /* AppIcon60x60@2x.png */; };
		BFBED9D61C16C774005BE304 /* AppIcon60x60@3x.png in Resources */ = {isa = PBXBuildFile; fileRef = BFBED9AF1C16C774005BE304 /* AppIcon60x60@3x.png */; };
		BFBED9D71C16C774005BE304 /* AppIcon72x72@2x~ipad.png in Resources */ = {isa = PBXBuildFile; fileRef = BFBED9B01C16C774005BE304 /* AppIcon72x72@2x~ipad.png */; };
		BFBED9D81C16C774005BE304 /* AppIcon72x72~ipad.png in Resources */ = {isa = PBXBuildFile; fileRef = BFBED9B11C16C774005BE304 /* AppIcon72x72~ipad.png */; };
		BFBED9D91C16C774005BE304 /* AppIcon76x76@2x~ipad.png in Resources */ = {isa = PBXBuildFile; fileRef = BFBED9B21C16C774005BE304 /* AppIcon76x76@2x~ipad.png */; };
		BFBED9DA1C16C774005BE304 /* AppIcon76x76~ipad.png in Resources */ = {isa = PBXBuildFile; fileRef = BFBED9B31C16C774005BE304 /* AppIcon76x76~ipad.png */; };
		BFBED9DB1C16C774005BE304 /* archived-expanded-entitlements.xcent in Resources */ = {isa = PBXBuildFile; fileRef = BFBED9B41C16C774005BE304 /* archived-expanded-entitlements.xcent */; };
		BFBED9DC1C16C774005BE304 /* Assets.car in Resources */ = {isa = PBXBuildFile; fileRef = BFBED9B51C16C774005BE304 /* Assets.car */; };
		BFBED9DD1C16C774005BE304 /* LaunchScreen.nib in Resources */ = {isa = PBXBuildFile; fileRef = BFBED9B61C16C774005BE304 /* LaunchScreen.nib */; };
		BFBED9DE1C16C774005BE304 /* config.zip in Resources */ = {isa = PBXBuildFile; fileRef = BFBED9B81C16C774005BE304 /* config.zip */; };
		BFBED9DF1C16C774005BE304 /* HYQiH18030F45.ttf in Resources */ = {isa = PBXBuildFile; fileRef = BFBED9B91C16C774005BE304 /* HYQiH18030F45.ttf */; };
		BFBED9E01C16C774005BE304 /* Info.plist in Resources */ = {isa = PBXBuildFile; fileRef = BFBED9BA1C16C774005BE304 /* Info.plist */; };
		BFBED9E11C16C774005BE304 /* LaunchImage-700-568h@2x.png in Resources */ = {isa = PBXBuildFile; fileRef = BFBED9BB1C16C774005BE304 /* LaunchImage-700-568h@2x.png */; };
		BFBED9E21C16C774005BE304 /* LaunchImage-700@2x.png in Resources */ = {isa = PBXBuildFile; fileRef = BFBED9BC1C16C774005BE304 /* LaunchImage-700@2x.png */; };
		BFBED9E31C16C774005BE304 /* PkgInfo in Resources */ = {isa = PBXBuildFile; fileRef = BFBED9BD1C16C774005BE304 /* PkgInfo */; };
		BFBED9E51C16C774005BE304 /* Manifest.plist in Resources */ = {isa = PBXBuildFile; fileRef = BFBED9C01C16C774005BE304 /* Manifest.plist */; };
		BFBED9E61C16C774005BE304 /* Youlin.sinf in Resources */ = {isa = PBXBuildFile; fileRef = BFBED9C11C16C774005BE304 /* Youlin.sinf */; };
		BFBED9E71C16C774005BE304 /* Youlin.supf in Resources */ = {isa = PBXBuildFile; fileRef = BFBED9C21C16C774005BE304 /* Youlin.supf */; };
		BFBED9E81C16C774005BE304 /* Youlin.supp in Resources */ = {isa = PBXBuildFile; fileRef = BFBED9C31C16C774005BE304 /* Youlin.supp */; };
		BFBED9E91C16C774005BE304 /* versionlist.json in Resources */ = {isa = PBXBuildFile; fileRef = BFBED9C41C16C774005BE304 /* versionlist.json */; };
		BFBED9EA1C16C774005BE304 /* WeiboSDK.bundle in Resources */ = {isa = PBXBuildFile; fileRef = BFBED9C51C16C774005BE304 /* WeiboSDK.bundle */; };
		BFBED9EB1C16C774005BE304 /* Youlin in Resources */ = {isa = PBXBuildFile; fileRef = BFBED9C61C16C774005BE304 /* Youlin */; };
		BFBEDA001C16CB24005BE304 /* Resource.bundle in Resources */ = {isa = PBXBuildFile; fileRef = BFBED9FF1C16CB24005BE304 /* Resource.bundle */; };
		BFBEDA071C16CD5E005BE304 /* Discover.storyboard in Resources */ = {isa = PBXBuildFile; fileRef = BFBEDA061C16CD5E005BE304 /* Discover.storyboard */; };
		BFBEDA091C16CD67005BE304 /* Me.storyboard in Resources */ = {isa = PBXBuildFile; fileRef = BFBEDA081C16CD67005BE304 /* Me.storyboard */; };
		BFBEDA0B1C16CD75005BE304 /* Neighbour.storyboard in Resources */ = {isa = PBXBuildFile; fileRef = BFBEDA0A1C16CD75005BE304 /* Neighbour.storyboard */; };
		BFBEDA0D1C16CD88005BE304 /* YouLin.storyboard in Resources */ = {isa = PBXBuildFile; fileRef = BFBEDA0C1C16CD88005BE304 /* YouLin.storyboard */; };
		BFBEDA161C16CF1D005BE304 /* BaseViewController.m in Sources */ = {isa = PBXBuildFile; fileRef = BFBEDA151C16CF1D005BE304 /* BaseViewController.m */; };
		BFBEDA191C16CF3A005BE304 /* BaseNavigationController.m in Sources */ = {isa = PBXBuildFile; fileRef = BFBEDA181C16CF3A005BE304 /* BaseNavigationController.m */; };
		BFBEDA2B1C16D32C005BE304 /* YouLinViewController.m in Sources */ = {isa = PBXBuildFile; fileRef = BFBEDA2A1C16D32C005BE304 /* YouLinViewController.m */; };
		BFBEDA311C16D347005BE304 /* ProfileViewController.m in Sources */ = {isa = PBXBuildFile; fileRef = BFBEDA301C16D347005BE304 /* ProfileViewController.m */; };
		BFBEDA371C16D7CD005BE304 /* MyTabBarController.m in Sources */ = {isa = PBXBuildFile; fileRef = BFBEDA361C16D7CD005BE304 /* MyTabBarController.m */; };
		BFBEDA411C16D83E005BE304 /* DataService.m in Sources */ = {isa = PBXBuildFile; fileRef = BFBEDA3B1C16D83E005BE304 /* DataService.m */; };
		BFBEDA431C16D83E005BE304 /* UIViewExt.m in Sources */ = {isa = PBXBuildFile; fileRef = BFBEDA3F1C16D83E005BE304 /* UIViewExt.m */; };
		BFEB3B181C2A252200696A54 /* NeighbourTableViewController.m in Sources */ = {isa = PBXBuildFile; fileRef = BFEB3B171C2A252200696A54 /* NeighbourTableViewController.m */; };
		BFEB3B2E1C2A735200696A54 /* MainTableView.m in Sources */ = {isa = PBXBuildFile; fileRef = BFEB3B2D1C2A735200696A54 /* MainTableView.m */; };
		BFEB3B311C2A7C4700696A54 /* UIView+UIViewController.m in Sources */ = {isa = PBXBuildFile; fileRef = BFEB3B301C2A7C4700696A54 /* UIView+UIViewController.m */; };
		BFFB88E31C2594A10076F22C /* icon.png in Resources */ = {isa = PBXBuildFile; fileRef = BFFB88E21C2594A10076F22C /* icon.png */; };
/* End PBXBuildFile section */

/* Begin PBXContainerItemProxy section */
		BFBED9821C16C750005BE304 /* PBXContainerItemProxy */ = {
			isa = PBXContainerItemProxy;
			containerPortal = BFBED9601C16C750005BE304 /* Project object */;
			proxyType = 1;
			remoteGlobalIDString = BFBED9671C16C750005BE304;
			remoteInfo = YouLin;
		};
		BFBED98D1C16C750005BE304 /* PBXContainerItemProxy */ = {
			isa = PBXContainerItemProxy;
			containerPortal = BFBED9601C16C750005BE304 /* Project object */;
			proxyType = 1;
			remoteGlobalIDString = BFBED9671C16C750005BE304;
			remoteInfo = YouLin;
		};
/* End PBXContainerItemProxy section */

/* Begin PBXFileReference section */
		BF6937991C1C410D0081C2A6 /* DiscoverTableViewController.h */ = {isa = PBXFileReference; fileEncoding = 4; lastKnownFileType = sourcecode.c.h; path = DiscoverTableViewController.h; sourceTree = "<group>"; };
		BF69379A1C1C410D0081C2A6 /* DiscoverTableViewController.m */ = {isa = PBXFileReference; fileEncoding = 4; lastKnownFileType = sourcecode.c.objc; path = DiscoverTableViewController.m; sourceTree = "<group>"; };
		BF6EE32C1C265BA800561CDA /* ChooseTopicButton.h */ = {isa = PBXFileReference; fileEncoding = 4; lastKnownFileType = sourcecode.c.h; name = ChooseTopicButton.h; path = ../../Base/Model/ChooseTopicButton.h; sourceTree = "<group>"; };
		BF6EE32D1C265BA800561CDA /* ChooseTopicButton.m */ = {isa = PBXFileReference; fileEncoding = 4; lastKnownFileType = sourcecode.c.objc; name = ChooseTopicButton.m; path = ../../Base/Model/ChooseTopicButton.m; sourceTree = "<group>"; };
		BF73A1A11C186E57006D8EB2 /* Base */ = {isa = PBXFileReference; lastKnownFileType = file.storyboard; name = Base; path = Base.lproj/Main.storyboard; sourceTree = "<group>"; };
		BF8A02F11C24E04F00142C46 /* MessageCenterViewController.h */ = {isa = PBXFileReference; fileEncoding = 4; lastKnownFileType = sourcecode.c.h; path = MessageCenterViewController.h; sourceTree = "<group>"; };
		BF8A02F21C24E04F00142C46 /* MessageCenterViewController.m */ = {isa = PBXFileReference; fileEncoding = 4; lastKnownFileType = sourcecode.c.objc; path = MessageCenterViewController.m; sourceTree = "<group>"; };
		BF9BB3E21C293EC200991772 /* MainCollectionView.h */ = {isa = PBXFileReference; fileEncoding = 4; lastKnownFileType = sourcecode.c.h; path = MainCollectionView.h; sourceTree = "<group>"; };
		BF9BB3E31C293EC200991772 /* MainCollectionView.m */ = {isa = PBXFileReference; fileEncoding = 4; lastKnownFileType = sourcecode.c.objc; path = MainCollectionView.m; sourceTree = "<group>"; };
		BF9BB3E51C29467900991772 /* QRCodeViewController.h */ = {isa = PBXFileReference; fileEncoding = 4; lastKnownFileType = sourcecode.c.h; path = QRCodeViewController.h; sourceTree = "<group>"; };
		BF9BB3E61C29467900991772 /* QRCodeViewController.m */ = {isa = PBXFileReference; fileEncoding = 4; lastKnownFileType = sourcecode.c.objc; path = QRCodeViewController.m; sourceTree = "<group>"; };
		BF9BB3E91C29472D00991772 /* QRItem.h */ = {isa = PBXFileReference; fileEncoding = 4; lastKnownFileType = sourcecode.c.h; path = QRItem.h; sourceTree = "<group>"; };
		BF9BB3EA1C29472D00991772 /* QRItem.m */ = {isa = PBXFileReference; fileEncoding = 4; lastKnownFileType = sourcecode.c.objc; path = QRItem.m; sourceTree = "<group>"; };
		BF9BB3EB1C29472D00991772 /* QRMenu.h */ = {isa = PBXFileReference; fileEncoding = 4; lastKnownFileType = sourcecode.c.h; path = QRMenu.h; sourceTree = "<group>"; };
		BF9BB3EC1C29472D00991772 /* QRMenu.m */ = {isa = PBXFileReference; fileEncoding = 4; lastKnownFileType = sourcecode.c.objc; path = QRMenu.m; sourceTree = "<group>"; };
		BF9BB3ED1C29472D00991772 /* QRView.h */ = {isa = PBXFileReference; fileEncoding = 4; lastKnownFileType = sourcecode.c.h; path = QRView.h; sourceTree = "<group>"; };
		BF9BB3EE1C29472D00991772 /* QRView.m */ = {isa = PBXFileReference; fileEncoding = 4; lastKnownFileType = sourcecode.c.objc; path = QRView.m; sourceTree = "<group>"; };
		BF9BB3F21C29476700991772 /* WebViewController.h */ = {isa = PBXFileReference; fileEncoding = 4; lastKnownFileType = sourcecode.c.h; path = WebViewController.h; sourceTree = "<group>"; };
		BF9BB3F31C29476700991772 /* WebViewController.m */ = {isa = PBXFileReference; fileEncoding = 4; lastKnownFileType = sourcecode.c.objc; path = WebViewController.m; sourceTree = "<group>"; };
		BF9BB3F71C2947A200991772 /* MBProgressHUD+MJ.h */ = {isa = PBXFileReference; fileEncoding = 4; lastKnownFileType = sourcecode.c.h; path = "MBProgressHUD+MJ.h"; sourceTree = "<group>"; };
		BF9BB3F81C2947A200991772 /* MBProgressHUD+MJ.m */ = {isa = PBXFileReference; fileEncoding = 4; lastKnownFileType = sourcecode.c.objc; path = "MBProgressHUD+MJ.m"; sourceTree = "<group>"; };
		BF9BB3F91C2947A200991772 /* MBProgressHUD.bundle */ = {isa = PBXFileReference; lastKnownFileType = "wrapper.plug-in"; path = MBProgressHUD.bundle; sourceTree = "<group>"; };
		BF9BB3FA1C2947A200991772 /* MBProgressHUD.h */ = {isa = PBXFileReference; fileEncoding = 4; lastKnownFileType = sourcecode.c.h; path = MBProgressHUD.h; sourceTree = "<group>"; };
		BF9BB3FB1C2947A200991772 /* MBProgressHUD.m */ = {isa = PBXFileReference; fileEncoding = 4; lastKnownFileType = sourcecode.c.objc; path = MBProgressHUD.m; sourceTree = "<group>"; };
		BF9BB3FC1C2947A200991772 /* qr_scan_line@2x.png */ = {isa = PBXFileReference; lastKnownFileType = image.png; path = "qr_scan_line@2x.png"; sourceTree = "<group>"; };
		BFAD8BF91C23874C00E12E45 /* BaseModel.h */ = {isa = PBXFileReference; fileEncoding = 4; lastKnownFileType = sourcecode.c.h; path = BaseModel.h; sourceTree = "<group>"; };
		BFAD8BFA1C23874C00E12E45 /* BaseModel.m */ = {isa = PBXFileReference; fileEncoding = 4; lastKnownFileType = sourcecode.c.objc; path = BaseModel.m; sourceTree = "<group>"; };
		BFAD8BFB1C23874C00E12E45 /* TabBarButton.h */ = {isa = PBXFileReference; fileEncoding = 4; lastKnownFileType = sourcecode.c.h; path = TabBarButton.h; sourceTree = "<group>"; };
		BFAD8BFC1C23874C00E12E45 /* TabBarButton.m */ = {isa = PBXFileReference; fileEncoding = 4; lastKnownFileType = sourcecode.c.objc; path = TabBarButton.m; sourceTree = "<group>"; };
		BFBED9681C16C750005BE304 /* YouLin.app */ = {isa = PBXFileReference; explicitFileType = wrapper.application; includeInIndex = 0; path = YouLin.app; sourceTree = BUILT_PRODUCTS_DIR; };
		BFBED96C1C16C750005BE304 /* main.m */ = {isa = PBXFileReference; lastKnownFileType = sourcecode.c.objc; path = main.m; sourceTree = "<group>"; };
		BFBED96E1C16C750005BE304 /* AppDelegate.h */ = {isa = PBXFileReference; lastKnownFileType = sourcecode.c.h; path = AppDelegate.h; sourceTree = "<group>"; };
		BFBED96F1C16C750005BE304 /* AppDelegate.m */ = {isa = PBXFileReference; lastKnownFileType = sourcecode.c.objc; path = AppDelegate.m; sourceTree = "<group>"; };
		BFBED9771C16C750005BE304 /* Assets.xcassets */ = {isa = PBXFileReference; lastKnownFileType = folder.assetcatalog; path = Assets.xcassets; sourceTree = "<group>"; };
		BFBED97A1C16C750005BE304 /* Base */ = {isa = PBXFileReference; lastKnownFileType = file.storyboard; name = Base; path = Base.lproj/LaunchScreen.storyboard; sourceTree = "<group>"; };
		BFBED97C1C16C750005BE304 /* Info.plist */ = {isa = PBXFileReference; lastKnownFileType = text.plist.xml; path = Info.plist; sourceTree = "<group>"; };
		BFBED9811C16C750005BE304 /* YouLinTests.xctest */ = {isa = PBXFileReference; explicitFileType = wrapper.cfbundle; includeInIndex = 0; path = YouLinTests.xctest; sourceTree = BUILT_PRODUCTS_DIR; };
		BFBED9851C16C750005BE304 /* YouLinTests.m */ = {isa = PBXFileReference; lastKnownFileType = sourcecode.c.objc; path = YouLinTests.m; sourceTree = "<group>"; };
		BFBED9871C16C750005BE304 /* Info.plist */ = {isa = PBXFileReference; lastKnownFileType = text.plist.xml; path = Info.plist; sourceTree = "<group>"; };
		BFBED98C1C16C750005BE304 /* YouLinUITests.xctest */ = {isa = PBXFileReference; explicitFileType = wrapper.cfbundle; includeInIndex = 0; path = YouLinUITests.xctest; sourceTree = BUILT_PRODUCTS_DIR; };
		BFBED9901C16C750005BE304 /* YouLinUITests.m */ = {isa = PBXFileReference; lastKnownFileType = sourcecode.c.objc; path = YouLinUITests.m; sourceTree = "<group>"; };
		BFBED9921C16C750005BE304 /* Info.plist */ = {isa = PBXFileReference; lastKnownFileType = text.plist.xml; path = Info.plist; sourceTree = "<group>"; };
		BFBED9A01C16C774005BE304 /* CodeResources */ = {isa = PBXFileReference; fileEncoding = 4; lastKnownFileType = text.xml; path = CodeResources; sourceTree = "<group>"; };
		BFBED9A11C16C774005BE304 /* AppIcon29x29.png */ = {isa = PBXFileReference; lastKnownFileType = image.png; path = AppIcon29x29.png; sourceTree = "<group>"; };
		BFBED9A21C16C774005BE304 /* AppIcon29x29@2x.png */ = {isa = PBXFileReference; lastKnownFileType = image.png; path = "AppIcon29x29@2x.png"; sourceTree = "<group>"; };
		BFBED9A31C16C774005BE304 /* AppIcon29x29@2x~ipad.png */ = {isa = PBXFileReference; lastKnownFileType = image.png; path = "AppIcon29x29@2x~ipad.png"; sourceTree = "<group>"; };
		BFBED9A41C16C774005BE304 /* AppIcon29x29@3x.png */ = {isa = PBXFileReference; lastKnownFileType = image.png; path = "AppIcon29x29@3x.png"; sourceTree = "<group>"; };
		BFBED9A51C16C774005BE304 /* AppIcon29x29~ipad.png */ = {isa = PBXFileReference; lastKnownFileType = image.png; path = "AppIcon29x29~ipad.png"; sourceTree = "<group>"; };
		BFBED9A61C16C774005BE304 /* AppIcon40x40@2x.png */ = {isa = PBXFileReference; lastKnownFileType = image.png; path = "AppIcon40x40@2x.png"; sourceTree = "<group>"; };
		BFBED9A71C16C774005BE304 /* AppIcon40x40@2x~ipad.png */ = {isa = PBXFileReference; lastKnownFileType = image.png; path = "AppIcon40x40@2x~ipad.png"; sourceTree = "<group>"; };
		BFBED9A81C16C774005BE304 /* AppIcon40x40@3x.png */ = {isa = PBXFileReference; lastKnownFileType = image.png; path = "AppIcon40x40@3x.png"; sourceTree = "<group>"; };
		BFBED9A91C16C774005BE304 /* AppIcon40x40~ipad.png */ = {isa = PBXFileReference; lastKnownFileType = image.png; path = "AppIcon40x40~ipad.png"; sourceTree = "<group>"; };
		BFBED9AA1C16C774005BE304 /* AppIcon50x50@2x~ipad.png */ = {isa = PBXFileReference; lastKnownFileType = image.png; path = "AppIcon50x50@2x~ipad.png"; sourceTree = "<group>"; };
		BFBED9AB1C16C774005BE304 /* AppIcon50x50~ipad.png */ = {isa = PBXFileReference; lastKnownFileType = image.png; path = "AppIcon50x50~ipad.png"; sourceTree = "<group>"; };
		BFBED9AC1C16C774005BE304 /* AppIcon57x57.png */ = {isa = PBXFileReference; lastKnownFileType = image.png; path = AppIcon57x57.png; sourceTree = "<group>"; };
		BFBED9AD1C16C774005BE304 /* AppIcon57x57@2x.png */ = {isa = PBXFileReference; lastKnownFileType = image.png; path = "AppIcon57x57@2x.png"; sourceTree = "<group>"; };
		BFBED9AE1C16C774005BE304 /* AppIcon60x60@2x.png */ = {isa = PBXFileReference; lastKnownFileType = image.png; path = "AppIcon60x60@2x.png"; sourceTree = "<group>"; };
		BFBED9AF1C16C774005BE304 /* AppIcon60x60@3x.png */ = {isa = PBXFileReference; lastKnownFileType = image.png; path = "AppIcon60x60@3x.png"; sourceTree = "<group>"; };
		BFBED9B01C16C774005BE304 /* AppIcon72x72@2x~ipad.png */ = {isa = PBXFileReference; lastKnownFileType = image.png; path = "AppIcon72x72@2x~ipad.png"; sourceTree = "<group>"; };
		BFBED9B11C16C774005BE304 /* AppIcon72x72~ipad.png */ = {isa = PBXFileReference; lastKnownFileType = image.png; path = "AppIcon72x72~ipad.png"; sourceTree = "<group>"; };
		BFBED9B21C16C774005BE304 /* AppIcon76x76@2x~ipad.png */ = {isa = PBXFileReference; lastKnownFileType = image.png; path = "AppIcon76x76@2x~ipad.png"; sourceTree = "<group>"; };
		BFBED9B31C16C774005BE304 /* AppIcon76x76~ipad.png */ = {isa = PBXFileReference; lastKnownFileType = image.png; path = "AppIcon76x76~ipad.png"; sourceTree = "<group>"; };
		BFBED9B41C16C774005BE304 /* archived-expanded-entitlements.xcent */ = {isa = PBXFileReference; fileEncoding = 4; lastKnownFileType = text.xml; path = "archived-expanded-entitlements.xcent"; sourceTree = "<group>"; };
		BFBED9B51C16C774005BE304 /* Assets.car */ = {isa = PBXFileReference; lastKnownFileType = file; path = Assets.car; sourceTree = "<group>"; };
		BFBED9B71C16C774005BE304 /* Base */ = {isa = PBXFileReference; lastKnownFileType = file; name = Base; path = Base.lproj/LaunchScreen.nib; sourceTree = "<group>"; };
		BFBED9B81C16C774005BE304 /* config.zip */ = {isa = PBXFileReference; lastKnownFileType = archive.zip; path = config.zip; sourceTree = "<group>"; };
		BFBED9B91C16C774005BE304 /* HYQiH18030F45.ttf */ = {isa = PBXFileReference; lastKnownFileType = file; path = HYQiH18030F45.ttf; sourceTree = "<group>"; };
		BFBED9BA1C16C774005BE304 /* Info.plist */ = {isa = PBXFileReference; fileEncoding = 4; lastKnownFileType = text.plist.xml; path = Info.plist; sourceTree = "<group>"; };
		BFBED9BB1C16C774005BE304 /* LaunchImage-700-568h@2x.png */ = {isa = PBXFileReference; lastKnownFileType = image.png; path = "LaunchImage-700-568h@2x.png"; sourceTree = "<group>"; };
		BFBED9BC1C16C774005BE304 /* LaunchImage-700@2x.png */ = {isa = PBXFileReference; lastKnownFileType = image.png; path = "LaunchImage-700@2x.png"; sourceTree = "<group>"; };
		BFBED9BD1C16C774005BE304 /* PkgInfo */ = {isa = PBXFileReference; fileEncoding = 4; lastKnownFileType = text; path = PkgInfo; sourceTree = "<group>"; };
		BFBED9C01C16C774005BE304 /* Manifest.plist */ = {isa = PBXFileReference; fileEncoding = 4; lastKnownFileType = text.plist.xml; path = Manifest.plist; sourceTree = "<group>"; };
		BFBED9C11C16C774005BE304 /* Youlin.sinf */ = {isa = PBXFileReference; lastKnownFileType = file; path = Youlin.sinf; sourceTree = "<group>"; };
		BFBED9C21C16C774005BE304 /* Youlin.supf */ = {isa = PBXFileReference; lastKnownFileType = file; path = Youlin.supf; sourceTree = "<group>"; };
		BFBED9C31C16C774005BE304 /* Youlin.supp */ = {isa = PBXFileReference; lastKnownFileType = file; path = Youlin.supp; sourceTree = "<group>"; };
		BFBED9C41C16C774005BE304 /* versionlist.json */ = {isa = PBXFileReference; fileEncoding = 4; lastKnownFileType = text.json; path = versionlist.json; sourceTree = "<group>"; };
		BFBED9C51C16C774005BE304 /* WeiboSDK.bundle */ = {isa = PBXFileReference; lastKnownFileType = "wrapper.plug-in"; path = WeiboSDK.bundle; sourceTree = "<group>"; };
		BFBED9C61C16C774005BE304 /* Youlin */ = {isa = PBXFileReference; lastKnownFileType = "compiled.mach-o.executable"; path = Youlin; sourceTree = "<group>"; };
		BFBED9FF1C16CB24005BE304 /* Resource.bundle */ = {isa = PBXFileReference; lastKnownFileType = "wrapper.plug-in"; path = Resource.bundle; sourceTree = "<group>"; };
		BFBEDA061C16CD5E005BE304 /* Discover.storyboard */ = {isa = PBXFileReference; fileEncoding = 4; lastKnownFileType = file.storyboard; path = Discover.storyboard; sourceTree = "<group>"; };
		BFBEDA081C16CD67005BE304 /* Me.storyboard */ = {isa = PBXFileReference; fileEncoding = 4; lastKnownFileType = file.storyboard; path = Me.storyboard; sourceTree = "<group>"; };
		BFBEDA0A1C16CD75005BE304 /* Neighbour.storyboard */ = {isa = PBXFileReference; fileEncoding = 4; lastKnownFileType = file.storyboard; path = Neighbour.storyboard; sourceTree = "<group>"; };
		BFBEDA0C1C16CD88005BE304 /* YouLin.storyboard */ = {isa = PBXFileReference; fileEncoding = 4; lastKnownFileType = file.storyboard; path = YouLin.storyboard; sourceTree = "<group>"; };
		BFBEDA141C16CF1D005BE304 /* BaseViewController.h */ = {isa = PBXFileReference; fileEncoding = 4; lastKnownFileType = sourcecode.c.h; path = BaseViewController.h; sourceTree = "<group>"; };
		BFBEDA151C16CF1D005BE304 /* BaseViewController.m */ = {isa = PBXFileReference; fileEncoding = 4; lastKnownFileType = sourcecode.c.objc; path = BaseViewController.m; sourceTree = "<group>"; };
		BFBEDA171C16CF3A005BE304 /* BaseNavigationController.h */ = {isa = PBXFileReference; fileEncoding = 4; lastKnownFileType = sourcecode.c.h; path = BaseNavigationController.h; sourceTree = "<group>"; };
		BFBEDA181C16CF3A005BE304 /* BaseNavigationController.m */ = {isa = PBXFileReference; fileEncoding = 4; lastKnownFileType = sourcecode.c.objc; path = BaseNavigationController.m; sourceTree = "<group>"; };
		BFBEDA291C16D32C005BE304 /* YouLinViewController.h */ = {isa = PBXFileReference; fileEncoding = 4; lastKnownFileType = sourcecode.c.h; path = YouLinViewController.h; sourceTree = "<group>"; };
		BFBEDA2A1C16D32C005BE304 /* YouLinViewController.m */ = {isa = PBXFileReference; fileEncoding = 4; lastKnownFileType = sourcecode.c.objc; path = YouLinViewController.m; sourceTree = "<group>"; };
		BFBEDA2F1C16D347005BE304 /* ProfileViewController.h */ = {isa = PBXFileReference; fileEncoding = 4; lastKnownFileType = sourcecode.c.h; path = ProfileViewController.h; sourceTree = "<group>"; };
		BFBEDA301C16D347005BE304 /* ProfileViewController.m */ = {isa = PBXFileReference; fileEncoding = 4; lastKnownFileType = sourcecode.c.objc; path = ProfileViewController.m; sourceTree = "<group>"; };
		BFBEDA351C16D7CD005BE304 /* MyTabBarController.h */ = {isa = PBXFileReference; fileEncoding = 4; lastKnownFileType = sourcecode.c.h; path = MyTabBarController.h; sourceTree = "<group>"; };
		BFBEDA361C16D7CD005BE304 /* MyTabBarController.m */ = {isa = PBXFileReference; fileEncoding = 4; lastKnownFileType = sourcecode.c.objc; path = MyTabBarController.m; sourceTree = "<group>"; };
		BFBEDA3A1C16D83E005BE304 /* DataService.h */ = {isa = PBXFileReference; fileEncoding = 4; lastKnownFileType = sourcecode.c.h; path = DataService.h; sourceTree = "<group>"; };
		BFBEDA3B1C16D83E005BE304 /* DataService.m */ = {isa = PBXFileReference; fileEncoding = 4; lastKnownFileType = sourcecode.c.objc; path = DataService.m; sourceTree = "<group>"; };
		BFBEDA3E1C16D83E005BE304 /* UIViewExt.h */ = {isa = PBXFileReference; fileEncoding = 4; lastKnownFileType = sourcecode.c.h; path = UIViewExt.h; sourceTree = "<group>"; };
		BFBEDA3F1C16D83E005BE304 /* UIViewExt.m */ = {isa = PBXFileReference; fileEncoding = 4; lastKnownFileType = sourcecode.c.objc; path = UIViewExt.m; sourceTree = "<group>"; };
		BFBEDA441C16D84E005BE304 /* Common.h */ = {isa = PBXFileReference; lastKnownFileType = sourcecode.c.h; path = Common.h; sourceTree = "<group>"; };
		BFBEDA451C16D859005BE304 /* PrefixHeader.pch */ = {isa = PBXFileReference; lastKnownFileType = sourcecode.c.h; path = PrefixHeader.pch; sourceTree = "<group>"; };
		BFEB3B161C2A252200696A54 /* NeighbourTableViewController.h */ = {isa = PBXFileReference; fileEncoding = 4; lastKnownFileType = sourcecode.c.h; path = NeighbourTableViewController.h; sourceTree = "<group>"; };
		BFEB3B171C2A252200696A54 /* NeighbourTableViewController.m */ = {isa = PBXFileReference; fileEncoding = 4; lastKnownFileType = sourcecode.c.objc; path = NeighbourTableViewController.m; sourceTree = "<group>"; };
		BFEB3B2C1C2A735200696A54 /* MainTableView.h */ = {isa = PBXFileReference; fileEncoding = 4; lastKnownFileType = sourcecode.c.h; path = MainTableView.h; sourceTree = "<group>"; };
		BFEB3B2D1C2A735200696A54 /* MainTableView.m */ = {isa = PBXFileReference; fileEncoding = 4; lastKnownFileType = sourcecode.c.objc; path = MainTableView.m; sourceTree = "<group>"; };
		BFEB3B2F1C2A7C4700696A54 /* UIView+UIViewController.h */ = {isa = PBXFileReference; fileEncoding = 4; lastKnownFileType = sourcecode.c.h; path = "UIView+UIViewController.h"; sourceTree = "<group>"; };
		BFEB3B301C2A7C4700696A54 /* UIView+UIViewController.m */ = {isa = PBXFileReference; fileEncoding = 4; lastKnownFileType = sourcecode.c.objc; path = "UIView+UIViewController.m"; sourceTree = "<group>"; };
		BFFB88E21C2594A10076F22C /* icon.png */ = {isa = PBXFileReference; lastKnownFileType = image.png; path = icon.png; sourceTree = "<group>"; };
/* End PBXFileReference section */

/* Begin PBXFrameworksBuildPhase section */
		BFBED9651C16C750005BE304 /* Frameworks */ = {
			isa = PBXFrameworksBuildPhase;
			buildActionMask = 2147483647;
			files = (
			);
			runOnlyForDeploymentPostprocessing = 0;
		};
		BFBED97E1C16C750005BE304 /* Frameworks */ = {
			isa = PBXFrameworksBuildPhase;
			buildActionMask = 2147483647;
			files = (
			);
			runOnlyForDeploymentPostprocessing = 0;
		};
		BFBED9891C16C750005BE304 /* Frameworks */ = {
			isa = PBXFrameworksBuildPhase;
			buildActionMask = 2147483647;
			files = (
			);
			runOnlyForDeploymentPostprocessing = 0;
		};
/* End PBXFrameworksBuildPhase section */

/* Begin PBXGroup section */
		BF9BB3E81C29472D00991772 /* QRCustom */ = {
			isa = PBXGroup;
			children = (
				BF9BB3E91C29472D00991772 /* QRItem.h */,
				BF9BB3EA1C29472D00991772 /* QRItem.m */,
				BF9BB3EB1C29472D00991772 /* QRMenu.h */,
				BF9BB3EC1C29472D00991772 /* QRMenu.m */,
				BF9BB3ED1C29472D00991772 /* QRView.h */,
				BF9BB3EE1C29472D00991772 /* QRView.m */,
			);
			path = QRCustom;
			sourceTree = "<group>";
		};
		BF9BB3F51C2947A200991772 /* Resource */ = {
			isa = PBXGroup;
			children = (
				BF9BB3F61C2947A200991772 /* MBProgressHUD */,
				BF9BB3FC1C2947A200991772 /* qr_scan_line@2x.png */,
			);
			path = Resource;
			sourceTree = "<group>";
		};
		BF9BB3F61C2947A200991772 /* MBProgressHUD */ = {
			isa = PBXGroup;
			children = (
				BF9BB3F71C2947A200991772 /* MBProgressHUD+MJ.h */,
				BF9BB3F81C2947A200991772 /* MBProgressHUD+MJ.m */,
				BF9BB3F91C2947A200991772 /* MBProgressHUD.bundle */,
				BF9BB3FA1C2947A200991772 /* MBProgressHUD.h */,
				BF9BB3FB1C2947A200991772 /* MBProgressHUD.m */,
			);
			path = MBProgressHUD;
			sourceTree = "<group>";
		};
		BFAD8BF81C23874C00E12E45 /* Model */ = {
			isa = PBXGroup;
			children = (
				BFAD8BF91C23874C00E12E45 /* BaseModel.h */,
				BFAD8BFA1C23874C00E12E45 /* BaseModel.m */,
				BFAD8BFB1C23874C00E12E45 /* TabBarButton.h */,
				BFAD8BFC1C23874C00E12E45 /* TabBarButton.m */,
			);
			path = Model;
			sourceTree = "<group>";
		};
		BFBED95F1C16C750005BE304 = {
			isa = PBXGroup;
			children = (
				BFBED96A1C16C750005BE304 /* YouLin */,
				BFBED9841C16C750005BE304 /* YouLinTests */,
				BFBED98F1C16C750005BE304 /* YouLinUITests */,
				BFBED9691C16C750005BE304 /* Products */,
			);
			sourceTree = "<group>";
		};
		BFBED9691C16C750005BE304 /* Products */ = {
			isa = PBXGroup;
			children = (
				BFBED9681C16C750005BE304 /* YouLin.app */,
				BFBED9811C16C750005BE304 /* YouLinTests.xctest */,
				BFBED98C1C16C750005BE304 /* YouLinUITests.xctest */,
			);
			name = Products;
			sourceTree = "<group>";
		};
		BFBED96A1C16C750005BE304 /* YouLin */ = {
			isa = PBXGroup;
			children = (
				BFBED9EC1C16CAB0005BE304 /* Common */,
				BFBED9ED1C16CAB0005BE304 /* Main */,
				BFBED96E1C16C750005BE304 /* AppDelegate.h */,
				BFBED96F1C16C750005BE304 /* AppDelegate.m */,
				BFBEDA351C16D7CD005BE304 /* MyTabBarController.h */,
				BFBEDA361C16D7CD005BE304 /* MyTabBarController.m */,
				BF73A1A01C186E57006D8EB2 /* Main.storyboard */,
				BFBED9771C16C750005BE304 /* Assets.xcassets */,
				BFBED9791C16C750005BE304 /* LaunchScreen.storyboard */,
				BFBED97C1C16C750005BE304 /* Info.plist */,
				BFBED99E1C16C774005BE304 /* YouLinUI */,
				BFBED96B1C16C750005BE304 /* Supporting Files */,
			);
			path = YouLin;
			sourceTree = "<group>";
		};
		BFBED96B1C16C750005BE304 /* Supporting Files */ = {
			isa = PBXGroup;
			children = (
				BFBED96C1C16C750005BE304 /* main.m */,
			);
			name = "Supporting Files";
			sourceTree = "<group>";
		};
		BFBED9841C16C750005BE304 /* YouLinTests */ = {
			isa = PBXGroup;
			children = (
				BFBED9851C16C750005BE304 /* YouLinTests.m */,
				BFBED9871C16C750005BE304 /* Info.plist */,
			);
			path = YouLinTests;
			sourceTree = "<group>";
		};
		BFBED98F1C16C750005BE304 /* YouLinUITests */ = {
			isa = PBXGroup;
			children = (
				BFBED9901C16C750005BE304 /* YouLinUITests.m */,
				BFBED9921C16C750005BE304 /* Info.plist */,
			);
			path = YouLinUITests;
			sourceTree = "<group>";
		};
		BFBED99E1C16C774005BE304 /* YouLinUI */ = {
			isa = PBXGroup;
			children = (
				BFBED99F1C16C774005BE304 /* _CodeSignature */,
				BFFB88E21C2594A10076F22C /* icon.png */,
				BFBED9A11C16C774005BE304 /* AppIcon29x29.png */,
				BFBED9A21C16C774005BE304 /* AppIcon29x29@2x.png */,
				BFBED9A31C16C774005BE304 /* AppIcon29x29@2x~ipad.png */,
				BFBED9A41C16C774005BE304 /* AppIcon29x29@3x.png */,
				BFBED9A51C16C774005BE304 /* AppIcon29x29~ipad.png */,
				BFBED9A61C16C774005BE304 /* AppIcon40x40@2x.png */,
				BFBED9A71C16C774005BE304 /* AppIcon40x40@2x~ipad.png */,
				BFBED9A81C16C774005BE304 /* AppIcon40x40@3x.png */,
				BFBED9A91C16C774005BE304 /* AppIcon40x40~ipad.png */,
				BFBED9AA1C16C774005BE304 /* AppIcon50x50@2x~ipad.png */,
				BFBED9AB1C16C774005BE304 /* AppIcon50x50~ipad.png */,
				BFBED9AC1C16C774005BE304 /* AppIcon57x57.png */,
				BFBED9AD1C16C774005BE304 /* AppIcon57x57@2x.png */,
				BFBED9AE1C16C774005BE304 /* AppIcon60x60@2x.png */,
				BFBED9AF1C16C774005BE304 /* AppIcon60x60@3x.png */,
				BFBED9B01C16C774005BE304 /* AppIcon72x72@2x~ipad.png */,
				BFBED9B11C16C774005BE304 /* AppIcon72x72~ipad.png */,
				BFBED9B21C16C774005BE304 /* AppIcon76x76@2x~ipad.png */,
				BFBED9B31C16C774005BE304 /* AppIcon76x76~ipad.png */,
				BFBED9B41C16C774005BE304 /* archived-expanded-entitlements.xcent */,
				BFBED9B51C16C774005BE304 /* Assets.car */,
				BFBED9B61C16C774005BE304 /* LaunchScreen.nib */,
				BFBED9B81C16C774005BE304 /* config.zip */,
				BFBED9B91C16C774005BE304 /* HYQiH18030F45.ttf */,
				BFBED9BA1C16C774005BE304 /* Info.plist */,
				BFBED9BB1C16C774005BE304 /* LaunchImage-700-568h@2x.png */,
				BFBED9BC1C16C774005BE304 /* LaunchImage-700@2x.png */,
				BFBED9FF1C16CB24005BE304 /* Resource.bundle */,
				BFBED9BD1C16C774005BE304 /* PkgInfo */,
				BFBED9BF1C16C774005BE304 /* SC_Info */,
				BFBED9C41C16C774005BE304 /* versionlist.json */,
				BFBED9C51C16C774005BE304 /* WeiboSDK.bundle */,
				BFBED9C61C16C774005BE304 /* Youlin */,
			);
			path = YouLinUI;
			sourceTree = "<group>";
		};
		BFBED99F1C16C774005BE304 /* _CodeSignature */ = {
			isa = PBXGroup;
			children = (
				BFBED9A01C16C774005BE304 /* CodeResources */,
			);
			path = _CodeSignature;
			sourceTree = "<group>";
		};
		BFBED9BF1C16C774005BE304 /* SC_Info */ = {
			isa = PBXGroup;
			children = (
				BFBED9C01C16C774005BE304 /* Manifest.plist */,
				BFBED9C11C16C774005BE304 /* Youlin.sinf */,
				BFBED9C21C16C774005BE304 /* Youlin.supf */,
				BFBED9C31C16C774005BE304 /* Youlin.supp */,
			);
			path = SC_Info;
			sourceTree = "<group>";
		};
		BFBED9EC1C16CAB0005BE304 /* Common */ = {
			isa = PBXGroup;
			children = (
				BFBEDA3A1C16D83E005BE304 /* DataService.h */,
				BFBEDA3B1C16D83E005BE304 /* DataService.m */,
				BFBEDA3E1C16D83E005BE304 /* UIViewExt.h */,
				BFBEDA3F1C16D83E005BE304 /* UIViewExt.m */,
				BFEB3B2F1C2A7C4700696A54 /* UIView+UIViewController.h */,
				BFEB3B301C2A7C4700696A54 /* UIView+UIViewController.m */,
				BFBEDA441C16D84E005BE304 /* Common.h */,
				BFBEDA451C16D859005BE304 /* PrefixHeader.pch */,
			);
			path = Common;
			sourceTree = "<group>";
		};
		BFBED9ED1C16CAB0005BE304 /* Main */ = {
			isa = PBXGroup;
			children = (
				BFBEDA0E1C16CEFF005BE304 /* Base */,
				BFBED9EE1C16CAB0005BE304 /* AddTopic */,
				BFBED9EF1C16CAB0005BE304 /* Discover */,
				BFBED9F31C16CAB0005BE304 /* Profile */,
				BFBED9F71C16CAB0005BE304 /* Neighbour */,
				BFBED9FB1C16CAB0005BE304 /* YouLin */,
			);
			path = Main;
			sourceTree = "<group>";
		};
		BFBED9EE1C16CAB0005BE304 /* AddTopic */ = {
			isa = PBXGroup;
			children = (
				BFBEDA011C16CCC7005BE304 /* Controller */,
				BFBEDA021C16CCC7005BE304 /* Model */,
				BFBEDA031C16CCC7005BE304 /* View */,
			);
			path = AddTopic;
			sourceTree = "<group>";
		};
		BFBED9EF1C16CAB0005BE304 /* Discover */ = {
			isa = PBXGroup;
			children = (
				BFBED9F01C16CAB0005BE304 /* Controller */,
				BFBED9F11C16CAB0005BE304 /* Model */,
				BFBED9F21C16CAB0005BE304 /* View */,
			);
			path = Discover;
			sourceTree = "<group>";
		};
		BFBED9F01C16CAB0005BE304 /* Controller */ = {
			isa = PBXGroup;
			children = (
				BF6937991C1C410D0081C2A6 /* DiscoverTableViewController.h */,
				BF69379A1C1C410D0081C2A6 /* DiscoverTableViewController.m */,
			);
			path = Controller;
			sourceTree = "<group>";
		};
		BFBED9F11C16CAB0005BE304 /* Model */ = {
			isa = PBXGroup;
			children = (
			);
			path = Model;
			sourceTree = "<group>";
		};
		BFBED9F21C16CAB0005BE304 /* View */ = {
			isa = PBXGroup;
			children = (
				BFBEDA061C16CD5E005BE304 /* Discover.storyboard */,
			);
			path = View;
			sourceTree = "<group>";
		};
		BFBED9F31C16CAB0005BE304 /* Profile */ = {
			isa = PBXGroup;
			children = (
				BFBED9F41C16CAB0005BE304 /* Controller */,
				BFBED9F51C16CAB0005BE304 /* Model */,
				BFBED9F61C16CAB0005BE304 /* View */,
			);
			name = Profile;
			path = Me;
			sourceTree = "<group>";
		};
		BFBED9F41C16CAB0005BE304 /* Controller */ = {
			isa = PBXGroup;
			children = (
				BFBEDA2F1C16D347005BE304 /* ProfileViewController.h */,
				BFBEDA301C16D347005BE304 /* ProfileViewController.m */,
			);
			path = Controller;
			sourceTree = "<group>";
		};
		BFBED9F51C16CAB0005BE304 /* Model */ = {
			isa = PBXGroup;
			children = (
			);
			path = Model;
			sourceTree = "<group>";
		};
		BFBED9F61C16CAB0005BE304 /* View */ = {
			isa = PBXGroup;
			children = (
				BFBEDA081C16CD67005BE304 /* Me.storyboard */,
			);
			path = View;
			sourceTree = "<group>";
		};
		BFBED9F71C16CAB0005BE304 /* Neighbour */ = {
			isa = PBXGroup;
			children = (
				BFBED9F81C16CAB0005BE304 /* Controller */,
				BFBED9F91C16CAB0005BE304 /* Model */,
				BFBED9FA1C16CAB0005BE304 /* View */,
			);
			path = Neighbour;
			sourceTree = "<group>";
		};
		BFBED9F81C16CAB0005BE304 /* Controller */ = {
			isa = PBXGroup;
			children = (
				BFEB3B161C2A252200696A54 /* NeighbourTableViewController.h */,
				BFEB3B171C2A252200696A54 /* NeighbourTableViewController.m */,
			);
			path = Controller;
			sourceTree = "<group>";
		};
		BFBED9F91C16CAB0005BE304 /* Model */ = {
			isa = PBXGroup;
			children = (
			);
			path = Model;
			sourceTree = "<group>";
		};
		BFBED9FA1C16CAB0005BE304 /* View */ = {
			isa = PBXGroup;
			children = (
				BFBEDA0A1C16CD75005BE304 /* Neighbour.storyboard */,
			);
			path = View;
			sourceTree = "<group>";
		};
		BFBED9FB1C16CAB0005BE304 /* YouLin */ = {
			isa = PBXGroup;
			children = (
				BFBED9FC1C16CAB0005BE304 /* Controller */,
				BFBED9FD1C16CAB0005BE304 /* Model */,
				BFBED9FE1C16CAB0005BE304 /* View */,
			);
			path = YouLin;
			sourceTree = "<group>";
		};
		BFBED9FC1C16CAB0005BE304 /* Controller */ = {
			isa = PBXGroup;
			children = (
				BFBEDA291C16D32C005BE304 /* YouLinViewController.h */,
				BFBEDA2A1C16D32C005BE304 /* YouLinViewController.m */,
				BF8A02F11C24E04F00142C46 /* MessageCenterViewController.h */,
				BF8A02F21C24E04F00142C46 /* MessageCenterViewController.m */,
				BF9BB3E51C29467900991772 /* QRCodeViewController.h */,
				BF9BB3E61C29467900991772 /* QRCodeViewController.m */,
				BF9BB3F21C29476700991772 /* WebViewController.h */,
				BF9BB3F31C29476700991772 /* WebViewController.m */,
			);
			path = Controller;
			sourceTree = "<group>";
		};
		BFBED9FD1C16CAB0005BE304 /* Model */ = {
			isa = PBXGroup;
			children = (
			);
			path = Model;
			sourceTree = "<group>";
		};
		BFBED9FE1C16CAB0005BE304 /* View */ = {
			isa = PBXGroup;
			children = (
				BFBEDA0C1C16CD88005BE304 /* YouLin.storyboard */,
				BF6EE32C1C265BA800561CDA /* ChooseTopicButton.h */,
				BF6EE32D1C265BA800561CDA /* ChooseTopicButton.m */,
				BF9BB3E21C293EC200991772 /* MainCollectionView.h */,
				BF9BB3E31C293EC200991772 /* MainCollectionView.m */,
				BFEB3B2C1C2A735200696A54 /* MainTableView.h */,
				BFEB3B2D1C2A735200696A54 /* MainTableView.m */,
				BF9BB3F51C2947A200991772 /* Resource */,
				BF9BB3E81C29472D00991772 /* QRCustom */,
			);
			path = View;
			sourceTree = "<group>";
		};
		BFBEDA011C16CCC7005BE304 /* Controller */ = {
			isa = PBXGroup;
			children = (
			);
			path = Controller;
			sourceTree = "<group>";
		};
		BFBEDA021C16CCC7005BE304 /* Model */ = {
			isa = PBXGroup;
			children = (
			);
			path = Model;
			sourceTree = "<group>";
		};
		BFBEDA031C16CCC7005BE304 /* View */ = {
			isa = PBXGroup;
			children = (
			);
			path = View;
			sourceTree = "<group>";
		};
		BFBEDA0E1C16CEFF005BE304 /* Base */ = {
			isa = PBXGroup;
			children = (
				BFBEDA0F1C16CEFF005BE304 /* Controller */,
				BFAD8BF81C23874C00E12E45 /* Model */,
			);
			path = Base;
			sourceTree = "<group>";
		};
		BFBEDA0F1C16CEFF005BE304 /* Controller */ = {
			isa = PBXGroup;
			children = (
				BFBEDA141C16CF1D005BE304 /* BaseViewController.h */,
				BFBEDA151C16CF1D005BE304 /* BaseViewController.m */,
				BFBEDA171C16CF3A005BE304 /* BaseNavigationController.h */,
				BFBEDA181C16CF3A005BE304 /* BaseNavigationController.m */,
			);
			path = Controller;
			sourceTree = "<group>";
		};
/* End PBXGroup section */

/* Begin PBXNativeTarget section */
		BFBED9671C16C750005BE304 /* YouLin */ = {
			isa = PBXNativeTarget;
			buildConfigurationList = BFBED9951C16C750005BE304 /* Build configuration list for PBXNativeTarget "YouLin" */;
			buildPhases = (
				BFBED9641C16C750005BE304 /* Sources */,
				BFBED9651C16C750005BE304 /* Frameworks */,
				BFBED9661C16C750005BE304 /* Resources */,
			);
			buildRules = (
			);
			dependencies = (
			);
			name = YouLin;
			productName = YouLin;
			productReference = BFBED9681C16C750005BE304 /* YouLin.app */;
			productType = "com.apple.product-type.application";
		};
		BFBED9801C16C750005BE304 /* YouLinTests */ = {
			isa = PBXNativeTarget;
			buildConfigurationList = BFBED9981C16C750005BE304 /* Build configuration list for PBXNativeTarget "YouLinTests" */;
			buildPhases = (
				BFBED97D1C16C750005BE304 /* Sources */,
				BFBED97E1C16C750005BE304 /* Frameworks */,
				BFBED97F1C16C750005BE304 /* Resources */,
			);
			buildRules = (
			);
			dependencies = (
				BFBED9831C16C750005BE304 /* PBXTargetDependency */,
			);
			name = YouLinTests;
			productName = YouLinTests;
			productReference = BFBED9811C16C750005BE304 /* YouLinTests.xctest */;
			productType = "com.apple.product-type.bundle.unit-test";
		};
		BFBED98B1C16C750005BE304 /* YouLinUITests */ = {
			isa = PBXNativeTarget;
			buildConfigurationList = BFBED99B1C16C750005BE304 /* Build configuration list for PBXNativeTarget "YouLinUITests" */;
			buildPhases = (
				BFBED9881C16C750005BE304 /* Sources */,
				BFBED9891C16C750005BE304 /* Frameworks */,
				BFBED98A1C16C750005BE304 /* Resources */,
			);
			buildRules = (
			);
			dependencies = (
				BFBED98E1C16C750005BE304 /* PBXTargetDependency */,
			);
			name = YouLinUITests;
			productName = YouLinUITests;
			productReference = BFBED98C1C16C750005BE304 /* YouLinUITests.xctest */;
			productType = "com.apple.product-type.bundle.ui-testing";
		};
/* End PBXNativeTarget section */

/* Begin PBXProject section */
		BFBED9601C16C750005BE304 /* Project object */ = {
			isa = PBXProject;
			attributes = {
				LastUpgradeCheck = 0710;
				ORGANIZATIONNAME = Jimmy;
				TargetAttributes = {
					BFBED9671C16C750005BE304 = {
						CreatedOnToolsVersion = 7.1;
					};
					BFBED9801C16C750005BE304 = {
						CreatedOnToolsVersion = 7.1;
						DevelopmentTeam = 455YG3QCDW;
						TestTargetID = BFBED9671C16C750005BE304;
					};
					BFBED98B1C16C750005BE304 = {
						CreatedOnToolsVersion = 7.1;
						DevelopmentTeam = 455YG3QCDW;
						TestTargetID = BFBED9671C16C750005BE304;
					};
				};
			};
			buildConfigurationList = BFBED9631C16C750005BE304 /* Build configuration list for PBXProject "YouLin" */;
			compatibilityVersion = "Xcode 3.2";
			developmentRegion = English;
			hasScannedForEncodings = 0;
			knownRegions = (
				en,
				Base,
			);
			mainGroup = BFBED95F1C16C750005BE304;
			productRefGroup = BFBED9691C16C750005BE304 /* Products */;
			projectDirPath = "";
			projectRoot = "";
			targets = (
				BFBED9671C16C750005BE304 /* YouLin */,
				BFBED9801C16C750005BE304 /* YouLinTests */,
				BFBED98B1C16C750005BE304 /* YouLinUITests */,
			);
		};
/* End PBXProject section */

/* Begin PBXResourcesBuildPhase section */
		BFBED9661C16C750005BE304 /* Resources */ = {
			isa = PBXResourcesBuildPhase;
			buildActionMask = 2147483647;
			files = (
				BFBED9DD1C16C774005BE304 /* LaunchScreen.nib in Resources */,
				BFBED9CA1C16C774005BE304 /* AppIcon29x29@2x~ipad.png in Resources */,
				BFBED9D21C16C774005BE304 /* AppIcon50x50~ipad.png in Resources */,
				BFBED9E51C16C774005BE304 /* Manifest.plist in Resources */,
				BFBEDA0D1C16CD88005BE304 /* YouLin.storyboard in Resources */,
				BFBED9CB1C16C774005BE304 /* AppIcon29x29@3x.png in Resources */,
				BFBEDA071C16CD5E005BE304 /* Discover.storyboard in Resources */,
				BFBED9E21C16C774005BE304 /* LaunchImage-700@2x.png in Resources */,
				BFBED97B1C16C750005BE304 /* LaunchScreen.storyboard in Resources */,
				BFBED9CE1C16C774005BE304 /* AppIcon40x40@2x~ipad.png in Resources */,
				BFBED9781C16C750005BE304 /* Assets.xcassets in Resources */,
				BFFB88E31C2594A10076F22C /* icon.png in Resources */,
				BFBED9C81C16C774005BE304 /* AppIcon29x29.png in Resources */,
				BFBED9DE1C16C774005BE304 /* config.zip in Resources */,
				BFBED9CC1C16C774005BE304 /* AppIcon29x29~ipad.png in Resources */,
				BFBED9DC1C16C774005BE304 /* Assets.car in Resources */,
				BFBED9D41C16C774005BE304 /* AppIcon57x57@2x.png in Resources */,
				BFBED9DB1C16C774005BE304 /* archived-expanded-entitlements.xcent in Resources */,
				BFBED9E61C16C774005BE304 /* Youlin.sinf in Resources */,
				BFBED9D11C16C774005BE304 /* AppIcon50x50@2x~ipad.png in Resources */,
				BFBED9D61C16C774005BE304 /* AppIcon60x60@3x.png in Resources */,
				BFBED9D51C16C774005BE304 /* AppIcon60x60@2x.png in Resources */,
				BFBED9E01C16C774005BE304 /* Info.plist in Resources */,
				BFBEDA0B1C16CD75005BE304 /* Neighbour.storyboard in Resources */,
				BFBED9CD1C16C774005BE304 /* AppIcon40x40@2x.png in Resources */,
				BFBED9DA1C16C774005BE304 /* AppIcon76x76~ipad.png in Resources */,
				BFBED9E31C16C774005BE304 /* PkgInfo in Resources */,
				BFBED9DF1C16C774005BE304 /* HYQiH18030F45.ttf in Resources */,
				BF73A1A21C186E57006D8EB2 /* Main.storyboard in Resources */,
				BFBEDA091C16CD67005BE304 /* Me.storyboard in Resources */,
				BFBED9D01C16C774005BE304 /* AppIcon40x40~ipad.png in Resources */,
				BFBED9D91C16C774005BE304 /* AppIcon76x76@2x~ipad.png in Resources */,
				BFBED9C91C16C774005BE304 /* AppIcon29x29@2x.png in Resources */,
				BFBED9D31C16C774005BE304 /* AppIcon57x57.png in Resources */,
				BFBED9EB1C16C774005BE304 /* Youlin in Resources */,
				BFBED9D71C16C774005BE304 /* AppIcon72x72@2x~ipad.png in Resources */,
				BFBED9E71C16C774005BE304 /* Youlin.supf in Resources */,
				BFBED9E11C16C774005BE304 /* LaunchImage-700-568h@2x.png in Resources */,
				BFBED9E81C16C774005BE304 /* Youlin.supp in Resources */,
				BFBED9E91C16C774005BE304 /* versionlist.json in Resources */,
				BFBED9EA1C16C774005BE304 /* WeiboSDK.bundle in Resources */,
				BF9BB4001C2947A200991772 /* qr_scan_line@2x.png in Resources */,
				BF9BB3FE1C2947A200991772 /* MBProgressHUD.bundle in Resources */,
				BFBED9C71C16C774005BE304 /* CodeResources in Resources */,
				BFBED9D81C16C774005BE304 /* AppIcon72x72~ipad.png in Resources */,
				BFBED9CF1C16C774005BE304 /* AppIcon40x40@3x.png in Resources */,
				BFBEDA001C16CB24005BE304 /* Resource.bundle in Resources */,
			);
			runOnlyForDeploymentPostprocessing = 0;
		};
		BFBED97F1C16C750005BE304 /* Resources */ = {
			isa = PBXResourcesBuildPhase;
			buildActionMask = 2147483647;
			files = (
			);
			runOnlyForDeploymentPostprocessing = 0;
		};
		BFBED98A1C16C750005BE304 /* Resources */ = {
			isa = PBXResourcesBuildPhase;
			buildActionMask = 2147483647;
			files = (
			);
			runOnlyForDeploymentPostprocessing = 0;
		};
/* End PBXResourcesBuildPhase section */

/* Begin PBXSourcesBuildPhase section */
		BFBED9641C16C750005BE304 /* Sources */ = {
			isa = PBXSourcesBuildPhase;
			buildActionMask = 2147483647;
			files = (
				BF9BB3E41C293EC200991772 /* MainCollectionView.m in Sources */,
				BF9BB3F41C29476700991772 /* WebViewController.m in Sources */,
				BFEB3B2E1C2A735200696A54 /* MainTableView.m in Sources */,
				BF9BB3FF1C2947A200991772 /* MBProgressHUD.m in Sources */,
				BFEB3B181C2A252200696A54 /* NeighbourTableViewController.m in Sources */,
				BFBEDA431C16D83E005BE304 /* UIViewExt.m in Sources */,
				BFBEDA161C16CF1D005BE304 /* BaseViewController.m in Sources */,
				BF9BB3EF1C29472D00991772 /* QRItem.m in Sources */,
				BFEB3B311C2A7C4700696A54 /* UIView+UIViewController.m in Sources */,
				BF9BB3F01C29472D00991772 /* QRMenu.m in Sources */,
				BFBEDA411C16D83E005BE304 /* DataService.m in Sources */,
				BFBEDA371C16D7CD005BE304 /* MyTabBarController.m in Sources */,
				BF69379B1C1C410D0081C2A6 /* DiscoverTableViewController.m in Sources */,
				BFBEDA2B1C16D32C005BE304 /* YouLinViewController.m in Sources */,
				BF9BB3F11C29472D00991772 /* QRView.m in Sources */,
				BFAD8BFD1C23874C00E12E45 /* BaseModel.m in Sources */,
				BFBED9701C16C750005BE304 /* AppDelegate.m in Sources */,
				BF8A02F31C24E04F00142C46 /* MessageCenterViewController.m in Sources */,
				BF6EE32E1C265BA800561CDA /* ChooseTopicButton.m in Sources */,
				BF9BB3FD1C2947A200991772 /* MBProgressHUD+MJ.m in Sources */,
				BFBED96D1C16C750005BE304 /* main.m in Sources */,
				BFAD8BFE1C23874C00E12E45 /* TabBarButton.m in Sources */,
				BFBEDA311C16D347005BE304 /* ProfileViewController.m in Sources */,
				BF9BB3E71C29467900991772 /* QRCodeViewController.m in Sources */,
				BFBEDA191C16CF3A005BE304 /* BaseNavigationController.m in Sources */,
			);
			runOnlyForDeploymentPostprocessing = 0;
		};
		BFBED97D1C16C750005BE304 /* Sources */ = {
			isa = PBXSourcesBuildPhase;
			buildActionMask = 2147483647;
			files = (
				BFBED9861C16C750005BE304 /* YouLinTests.m in Sources */,
			);
			runOnlyForDeploymentPostprocessing = 0;
		};
		BFBED9881C16C750005BE304 /* Sources */ = {
			isa = PBXSourcesBuildPhase;
			buildActionMask = 2147483647;
			files = (
				BFBED9911C16C750005BE304 /* YouLinUITests.m in Sources */,
			);
			runOnlyForDeploymentPostprocessing = 0;
		};
/* End PBXSourcesBuildPhase section */

/* Begin PBXTargetDependency section */
		BFBED9831C16C750005BE304 /* PBXTargetDependency */ = {
			isa = PBXTargetDependency;
			target = BFBED9671C16C750005BE304 /* YouLin */;
			targetProxy = BFBED9821C16C750005BE304 /* PBXContainerItemProxy */;
		};
		BFBED98E1C16C750005BE304 /* PBXTargetDependency */ = {
			isa = PBXTargetDependency;
			target = BFBED9671C16C750005BE304 /* YouLin */;
			targetProxy = BFBED98D1C16C750005BE304 /* PBXContainerItemProxy */;
		};
/* End PBXTargetDependency section */

/* Begin PBXVariantGroup section */
		BF73A1A01C186E57006D8EB2 /* Main.storyboard */ = {
			isa = PBXVariantGroup;
			children = (
				BF73A1A11C186E57006D8EB2 /* Base */,
			);
			name = Main.storyboard;
			sourceTree = "<group>";
		};
		BFBED9791C16C750005BE304 /* LaunchScreen.storyboard */ = {
			isa = PBXVariantGroup;
			children = (
				BFBED97A1C16C750005BE304 /* Base */,
			);
			name = LaunchScreen.storyboard;
			sourceTree = "<group>";
		};
		BFBED9B61C16C774005BE304 /* LaunchScreen.nib */ = {
			isa = PBXVariantGroup;
			children = (
				BFBED9B71C16C774005BE304 /* Base */,
			);
			name = LaunchScreen.nib;
			sourceTree = "<group>";
		};
/* End PBXVariantGroup section */

/* Begin XCBuildConfiguration section */
		BFBED9931C16C750005BE304 /* Debug */ = {
			isa = XCBuildConfiguration;
			buildSettings = {
				ALWAYS_SEARCH_USER_PATHS = NO;
				CLANG_CXX_LANGUAGE_STANDARD = "gnu++0x";
				CLANG_CXX_LIBRARY = "libc++";
				CLANG_ENABLE_MODULES = YES;
				CLANG_ENABLE_OBJC_ARC = YES;
				CLANG_WARN_BOOL_CONVERSION = YES;
				CLANG_WARN_CONSTANT_CONVERSION = YES;
				CLANG_WARN_DIRECT_OBJC_ISA_USAGE = YES_ERROR;
				CLANG_WARN_EMPTY_BODY = YES;
				CLANG_WARN_ENUM_CONVERSION = YES;
				CLANG_WARN_INT_CONVERSION = YES;
				CLANG_WARN_OBJC_ROOT_CLASS = YES_ERROR;
				CLANG_WARN_UNREACHABLE_CODE = YES;
				CLANG_WARN__DUPLICATE_METHOD_MATCH = YES;
				"CODE_SIGN_IDENTITY[sdk=iphoneos*]" = "iPhone Developer";
				COPY_PHASE_STRIP = NO;
				DEBUG_INFORMATION_FORMAT = dwarf;
				ENABLE_STRICT_OBJC_MSGSEND = YES;
				ENABLE_TESTABILITY = YES;
				GCC_C_LANGUAGE_STANDARD = gnu99;
				GCC_DYNAMIC_NO_PIC = NO;
				GCC_NO_COMMON_BLOCKS = YES;
				GCC_OPTIMIZATION_LEVEL = 0;
				GCC_PREPROCESSOR_DEFINITIONS = (
					"DEBUG=1",
					"$(inherited)",
				);
				GCC_WARN_64_TO_32_BIT_CONVERSION = YES;
				GCC_WARN_ABOUT_RETURN_TYPE = YES_ERROR;
				GCC_WARN_UNDECLARED_SELECTOR = YES;
				GCC_WARN_UNINITIALIZED_AUTOS = YES_AGGRESSIVE;
				GCC_WARN_UNUSED_FUNCTION = YES;
				GCC_WARN_UNUSED_VARIABLE = YES;
				IPHONEOS_DEPLOYMENT_TARGET = 9.1;
				MTL_ENABLE_DEBUG_INFO = YES;
				ONLY_ACTIVE_ARCH = YES;
				SDKROOT = iphoneos;
				TARGETED_DEVICE_FAMILY = "1,2";
			};
			name = Debug;
		};
		BFBED9941C16C750005BE304 /* Release */ = {
			isa = XCBuildConfiguration;
			buildSettings = {
				ALWAYS_SEARCH_USER_PATHS = NO;
				CLANG_CXX_LANGUAGE_STANDARD = "gnu++0x";
				CLANG_CXX_LIBRARY = "libc++";
				CLANG_ENABLE_MODULES = YES;
				CLANG_ENABLE_OBJC_ARC = YES;
				CLANG_WARN_BOOL_CONVERSION = YES;
				CLANG_WARN_CONSTANT_CONVERSION = YES;
				CLANG_WARN_DIRECT_OBJC_ISA_USAGE = YES_ERROR;
				CLANG_WARN_EMPTY_BODY = YES;
				CLANG_WARN_ENUM_CONVERSION = YES;
				CLANG_WARN_INT_CONVERSION = YES;
				CLANG_WARN_OBJC_ROOT_CLASS = YES_ERROR;
				CLANG_WARN_UNREACHABLE_CODE = YES;
				CLANG_WARN__DUPLICATE_METHOD_MATCH = YES;
				"CODE_SIGN_IDENTITY[sdk=iphoneos*]" = "iPhone Developer";
				COPY_PHASE_STRIP = NO;
				DEBUG_INFORMATION_FORMAT = "dwarf-with-dsym";
				ENABLE_NS_ASSERTIONS = NO;
				ENABLE_STRICT_OBJC_MSGSEND = YES;
				GCC_C_LANGUAGE_STANDARD = gnu99;
				GCC_NO_COMMON_BLOCKS = YES;
				GCC_WARN_64_TO_32_BIT_CONVERSION = YES;
				GCC_WARN_ABOUT_RETURN_TYPE = YES_ERROR;
				GCC_WARN_UNDECLARED_SELECTOR = YES;
				GCC_WARN_UNINITIALIZED_AUTOS = YES_AGGRESSIVE;
				GCC_WARN_UNUSED_FUNCTION = YES;
				GCC_WARN_UNUSED_VARIABLE = YES;
				IPHONEOS_DEPLOYMENT_TARGET = 9.1;
				MTL_ENABLE_DEBUG_INFO = NO;
				SDKROOT = iphoneos;
				TARGETED_DEVICE_FAMILY = "1,2";
				VALIDATE_PRODUCT = YES;
			};
			name = Release;
		};
		BFBED9961C16C750005BE304 /* Debug */ = {
			isa = XCBuildConfiguration;
			buildSettings = {
				ASSETCATALOG_COMPILER_APPICON_NAME = AppIcon;
				CODE_SIGN_IDENTITY = "iPhone Developer";
				"CODE_SIGN_IDENTITY[sdk=iphoneos*]" = "iPhone Developer";
				GCC_PRECOMPILE_PREFIX_HEADER = YES;
				GCC_PREFIX_HEADER = "$(SRCROOT)/YouLin/Common/PrefixHeader.pch";
				INFOPLIST_FILE = YouLin/Info.plist;
				IPHONEOS_DEPLOYMENT_TARGET = 9.1;
				LD_RUNPATH_SEARCH_PATHS = "$(inherited) @executable_path/Frameworks";
				PRODUCT_BUNDLE_IDENTIFIER = "JimmyLTS.Jimmy--";
				PRODUCT_NAME = "$(TARGET_NAME)";
				PROVISIONING_PROFILE = "";
				SDKROOT = iphoneos9.1;
				TARGETED_DEVICE_FAMILY = "1,2";
			};
			name = Debug;
		};
		BFBED9971C16C750005BE304 /* Release */ = {
			isa = XCBuildConfiguration;
			buildSettings = {
				ASSETCATALOG_COMPILER_APPICON_NAME = AppIcon;
				CODE_SIGN_IDENTITY = "iPhone Developer";
				"CODE_SIGN_IDENTITY[sdk=iphoneos*]" = "iPhone Developer";
				GCC_PRECOMPILE_PREFIX_HEADER = YES;
				GCC_PREFIX_HEADER = "$(SRCROOT)/YouLin/Common/PrefixHeader.pch";
				INFOPLIST_FILE = YouLin/Info.plist;
				IPHONEOS_DEPLOYMENT_TARGET = 9.1;
				LD_RUNPATH_SEARCH_PATHS = "$(inherited) @executable_path/Frameworks";
				PRODUCT_BUNDLE_IDENTIFIER = "JimmyLTS.Jimmy--";
				PRODUCT_NAME = "$(TARGET_NAME)";
				PROVISIONING_PROFILE = "";
				SDKROOT = iphoneos9.1;
				TARGETED_DEVICE_FAMILY = "1,2";
			};
			name = Release;
		};
		BFBED9991C16C750005BE304 /* Debug */ = {
			isa = XCBuildConfiguration;
			buildSettings = {
				BUNDLE_LOADER = "$(TEST_HOST)";
				INFOPLIST_FILE = YouLinTests/Info.plist;
				LD_RUNPATH_SEARCH_PATHS = "$(inherited) @executable_path/Frameworks @loader_path/Frameworks";
				PRODUCT_BUNDLE_IDENTIFIER = JimmyLTS.YouLinTests;
				PRODUCT_NAME = "$(TARGET_NAME)";
				TEST_HOST = "$(BUILT_PRODUCTS_DIR)/YouLin.app/YouLin";
			};
			name = Debug;
		};
		BFBED99A1C16C750005BE304 /* Release */ = {
			isa = XCBuildConfiguration;
			buildSettings = {
				BUNDLE_LOADER = "$(TEST_HOST)";
				INFOPLIST_FILE = YouLinTests/Info.plist;
				LD_RUNPATH_SEARCH_PATHS = "$(inherited) @executable_path/Frameworks @loader_path/Frameworks";
				PRODUCT_BUNDLE_IDENTIFIER = JimmyLTS.YouLinTests;
				PRODUCT_NAME = "$(TARGET_NAME)";
				TEST_HOST = "$(BUILT_PRODUCTS_DIR)/YouLin.app/YouLin";
			};
			name = Release;
		};
		BFBED99C1C16C750005BE304 /* Debug */ = {
			isa = XCBuildConfiguration;
			buildSettings = {
				INFOPLIST_FILE = YouLinUITests/Info.plist;
				LD_RUNPATH_SEARCH_PATHS = "$(inherited) @executable_path/Frameworks @loader_path/Frameworks";
				PRODUCT_BUNDLE_IDENTIFIER = JimmyLTS.YouLinUITests;
				PRODUCT_NAME = "$(TARGET_NAME)";
				TEST_TARGET_NAME = YouLin;
				USES_XCTRUNNER = YES;
			};
			name = Debug;
		};
		BFBED99D1C16C750005BE304 /* Release */ = {
			isa = XCBuildConfiguration;
			buildSettings = {
				INFOPLIST_FILE = YouLinUITests/Info.plist;
				LD_RUNPATH_SEARCH_PATHS = "$(inherited) @executable_path/Frameworks @loader_path/Frameworks";
				PRODUCT_BUNDLE_IDENTIFIER = JimmyLTS.YouLinUITests;
				PRODUCT_NAME = "$(TARGET_NAME)";
				TEST_TARGET_NAME = YouLin;
				USES_XCTRUNNER = YES;
			};
			name = Release;
		};
/* End XCBuildConfiguration section */

/* Begin XCConfigurationList section */
		BFBED9631C16C750005BE304 /* Build configuration list for PBXProject "YouLin" */ = {
			isa = XCConfigurationList;
			buildConfigurations = (
				BFBED9931C16C750005BE304 /* Debug */,
				BFBED9941C16C750005BE304 /* Release */,
			);
			defaultConfigurationIsVisible = 0;
			defaultConfigurationName = Release;
		};
		BFBED9951C16C750005BE304 /* Build configuration list for PBXNativeTarget "YouLin" */ = {
			isa = XCConfigurationList;
			buildConfigurations = (
				BFBED9961C16C750005BE304 /* Debug */,
				BFBED9971C16C750005BE304 /* Release */,
			);
			defaultConfigurationIsVisible = 0;
			defaultConfigurationName = Release;
		};
		BFBED9981C16C750005BE304 /* Build configuration list for PBXNativeTarget "YouLinTests" */ = {
			isa = XCConfigurationList;
			buildConfigurations = (
				BFBED9991C16C750005BE304 /* Debug */,
				BFBED99A1C16C750005BE304 /* Release */,
			);
			defaultConfigurationIsVisible = 0;
			defaultConfigurationName = Release;
		};
		BFBED99B1C16C750005BE304 /* Build configuration list for PBXNativeTarget "YouLinUITests" */ = {
			isa = XCConfigurationList;
			buildConfigurations = (
				BFBED99C1C16C750005BE304 /* Debug */,
				BFBED99D1C16C750005BE304 /* Release */,
			);
			defaultConfigurationIsVisible = 0;
			defaultConfigurationName = Release;
		};
/* End XCConfigurationList section */
	};
	rootObject = BFBED9601C16C750005BE304 /* Project object */;
}
